DEPENDENCIES
  minitest-handler
  poise
    path: .
  poise_test
    path: ./test/cookbooks/poise_test
  poise_test2
    path: ./test/cookbooks/poise_test2

GRAPH
  chef_handler (1.1.4)
  minitest-handler (1.1.2)
    chef_handler (>= 0.0.0)
  poise (1.0.10)
  poise_test (0.0.0)
    poise (>= 0.0.0)
    poise_test2 (>= 0.0.0)
  poise_test2 (0.0.0)
